
Microsoft Visual Studio Solution File, Format Version 12.00
# Visual Studio Version 17
VisualStudioVersion = 17.3.32901.215
MinimumVisualStudioVersion = 10.0.40219.1
Project("{9092AA53-FB77-4645-B42D-1CCCA6BD08BD}") = "WebAppExample", "WebAppExample.njsproj", "{4FD94079-82EC-4732-BB9D-C646D4194D18}"
EndProject
Global
	GlobalSection(SolutionConfigurationPlatforms) = preSolution
		Debug|Any CPU = Debug|Any CPU
		Release|Any CPU = Release|Any CPU
	EndGlobalSection
	GlobalSection(ProjectConfigurationPlatforms) = postSolution
		{4FD94079-82EC-4732-BB9D-C646D4194D18}.Debug|Any CPU.ActiveCfg = Debug|Any CPU
		{4FD94079-82EC-4732-BB9D-C646D4194D18}.Debug|Any CPU.Build.0 = Debug|Any CPU
		{4FD94079-82EC-4732-BB9D-C646D4194D18}.Release|Any CPU.ActiveCfg = Release|Any CPU
		{4FD94079-82EC-4732-BB9D-C646D4194D18}.Release|Any CPU.Build.0 = Release|Any CPU
	EndGlobalSection
	GlobalSection(SolutionProperties) = preSolution
		HideSolutionNode = FALSE
	EndGlobalSection
	GlobalSection(ExtensibilityGlobals) = postSolution
		SolutionGuid = {2EF92A7C-A566-4A29-B5E3-73B3D05B9CD6}
	EndGlobalSection
EndGlobal
